
Microsoft Visual Studio Solution File, Format Version 12.00
# Visual Studio Version 17
VisualStudioVersion = 17.3.32901.215
MinimumVisualStudioVersion = 10.0.40219.1
Project("{9A19103F-16F7-4668-BE54-9A1E7A4F7556}") = "DaisyBlazor", "DaisyBlazor\DaisyBlazor.csproj", "{566E616E-25F4-4E7A-9F35-C5A6BBDB538D}"
EndProject
Project("{9A19103F-16F7-4668-BE54-9A1E7A4F7556}") = "DaisyBlazor.Client", "DaisyBlazor.Client\DaisyBlazor.Client.csproj", "{492A7B6D-2DA2-41F3-AC22-9B289F3561C4}"
EndProject
Project("{9A19103F-16F7-4668-BE54-9A1E7A4F7556}") = "DaisyBlazor.Shared", "DaisyBlazor.Shared\DaisyBlazor.Shared.csproj", "{A8BF9446-0CE4-42D3-9957-903B0D43E9B6}"
EndProject
Project("{9A19103F-16F7-4668-BE54-9A1E7A4F7556}") = "DaisyBlazor.Server", "DaisyBlazor.Server\DaisyBlazor.Server.csproj", "{FD0FFC17-C3E5-493D-B153-C9A9A1528BCB}"
EndProject
Project("{2150E333-8FDC-42A3-9474-1A3956D46DE8}") = "解决方案项", "解决方案项", "{6B1417B8-963E-47C3-BC55-3D58001EF4F9}"
	ProjectSection(SolutionItems) = preProject
		README.md = README.md
	EndProjectSection
EndProject
Project("{9A19103F-16F7-4668-BE54-9A1E7A4F7556}") = "DaisyBlazor.Generators", "DaisyBlazor.Generators\DaisyBlazor.Generators.csproj", "{125FAB63-0200-45EF-9CF6-B8BD894BC483}"
EndProject
Global
	GlobalSection(SolutionConfigurationPlatforms) = preSolution
		Debug|Any CPU = Debug|Any CPU
		Release|Any CPU = Release|Any CPU
	EndGlobalSection
	GlobalSection(ProjectConfigurationPlatforms) = postSolution
		{566E616E-25F4-4E7A-9F35-C5A6BBDB538D}.Debug|Any CPU.ActiveCfg = Debug|Any CPU
		{566E616E-25F4-4E7A-9F35-C5A6BBDB538D}.Debug|Any CPU.Build.0 = Debug|Any CPU
		{566E616E-25F4-4E7A-9F35-C5A6BBDB538D}.Release|Any CPU.ActiveCfg = Release|Any CPU
		{566E616E-25F4-4E7A-9F35-C5A6BBDB538D}.Release|Any CPU.Build.0 = Release|Any CPU
		{492A7B6D-2DA2-41F3-AC22-9B289F3561C4}.Debug|Any CPU.ActiveCfg = Debug|Any CPU
		{492A7B6D-2DA2-41F3-AC22-9B289F3561C4}.Debug|Any CPU.Build.0 = Debug|Any CPU
		{492A7B6D-2DA2-41F3-AC22-9B289F3561C4}.Release|Any CPU.ActiveCfg = Release|Any CPU
		{492A7B6D-2DA2-41F3-AC22-9B289F3561C4}.Release|Any CPU.Build.0 = Release|Any CPU
		{A8BF9446-0CE4-42D3-9957-903B0D43E9B6}.Debug|Any CPU.ActiveCfg = Debug|Any CPU
		{A8BF9446-0CE4-42D3-9957-903B0D43E9B6}.Debug|Any CPU.Build.0 = Debug|Any CPU
		{A8BF9446-0CE4-42D3-9957-903B0D43E9B6}.Release|Any CPU.ActiveCfg = Release|Any CPU
		{A8BF9446-0CE4-42D3-9957-903B0D43E9B6}.Release|Any CPU.Build.0 = Release|Any CPU
		{FD0FFC17-C3E5-493D-B153-C9A9A1528BCB}.Debug|Any CPU.ActiveCfg = Debug|Any CPU
		{FD0FFC17-C3E5-493D-B153-C9A9A1528BCB}.Debug|Any CPU.Build.0 = Debug|Any CPU
		{FD0FFC17-C3E5-493D-B153-C9A9A1528BCB}.Release|Any CPU.ActiveCfg = Release|Any CPU
		{FD0FFC17-C3E5-493D-B153-C9A9A1528BCB}.Release|Any CPU.Build.0 = Release|Any CPU
		{125FAB63-0200-45EF-9CF6-B8BD894BC483}.Debug|Any CPU.ActiveCfg = Debug|Any CPU
		{125FAB63-0200-45EF-9CF6-B8BD894BC483}.Debug|Any CPU.Build.0 = Debug|Any CPU
		{125FAB63-0200-45EF-9CF6-B8BD894BC483}.Release|Any CPU.ActiveCfg = Release|Any CPU
		{125FAB63-0200-45EF-9CF6-B8BD894BC483}.Release|Any CPU.Build.0 = Release|Any CPU
	EndGlobalSection
	GlobalSection(SolutionProperties) = preSolution
		HideSolutionNode = FALSE
	EndGlobalSection
	GlobalSection(ExtensibilityGlobals) = postSolution
		SolutionGuid = {207BF9E2-BAE9-46E7-98CC-B575B179591B}
	EndGlobalSection
EndGlobal
