
Microsoft Visual Studio Solution File, Format Version 12.00
# Visual Studio Version 17
VisualStudioVersion = 17.5.002.0
MinimumVisualStudioVersion = 10.0.40219.1
Project("{9A19103F-16F7-4668-BE54-9A1E7A4F7556}") = "DaisyBlazor", "DaisyBlazor\DaisyBlazor.csproj", "{820F4618-23F3-4690-82A5-2C41947E6992}"
EndProject
Project("{9A19103F-16F7-4668-BE54-9A1E7A4F7556}") = "DaisyBlazor.Client", "DaisyBlazor.Client\DaisyBlazor.Client.csproj", "{09106C29-9B90-496A-A961-BFC75503FC7D}"
EndProject
Project("{9A19103F-16F7-4668-BE54-9A1E7A4F7556}") = "DaisyBlazor.Generators", "DaisyBlazor.Generators\DaisyBlazor.Generators.csproj", "{E9FEEDFB-5A08-4290-89E6-28EB52681EFC}"
EndProject
Project("{9A19103F-16F7-4668-BE54-9A1E7A4F7556}") = "DaisyBlazor.Server", "DaisyBlazor.Server\DaisyBlazor.Server.csproj", "{145674CC-2E03-4F93-89F0-BA65F92E1CE5}"
EndProject
Project("{9A19103F-16F7-4668-BE54-9A1E7A4F7556}") = "DaisyBlazor.Shared", "DaisyBlazor.Shared\DaisyBlazor.Shared.csproj", "{E70972B2-7731-4933-B07E-B399B0D2EC25}"
EndProject
Global
	GlobalSection(SolutionConfigurationPlatforms) = preSolution
		Debug|Any CPU = Debug|Any CPU
		Release|Any CPU = Release|Any CPU
	EndGlobalSection
	GlobalSection(ProjectConfigurationPlatforms) = postSolution
		{820F4618-23F3-4690-82A5-2C41947E6992}.Debug|Any CPU.ActiveCfg = Debug|Any CPU
		{820F4618-23F3-4690-82A5-2C41947E6992}.Debug|Any CPU.Build.0 = Debug|Any CPU
		{820F4618-23F3-4690-82A5-2C41947E6992}.Release|Any CPU.ActiveCfg = Release|Any CPU
		{820F4618-23F3-4690-82A5-2C41947E6992}.Release|Any CPU.Build.0 = Release|Any CPU
		{09106C29-9B90-496A-A961-BFC75503FC7D}.Debug|Any CPU.ActiveCfg = Debug|Any CPU
		{09106C29-9B90-496A-A961-BFC75503FC7D}.Debug|Any CPU.Build.0 = Debug|Any CPU
		{09106C29-9B90-496A-A961-BFC75503FC7D}.Release|Any CPU.ActiveCfg = Release|Any CPU
		{09106C29-9B90-496A-A961-BFC75503FC7D}.Release|Any CPU.Build.0 = Release|Any CPU
		{E9FEEDFB-5A08-4290-89E6-28EB52681EFC}.Debug|Any CPU.ActiveCfg = Debug|Any CPU
		{E9FEEDFB-5A08-4290-89E6-28EB52681EFC}.Debug|Any CPU.Build.0 = Debug|Any CPU
		{E9FEEDFB-5A08-4290-89E6-28EB52681EFC}.Release|Any CPU.ActiveCfg = Release|Any CPU
		{E9FEEDFB-5A08-4290-89E6-28EB52681EFC}.Release|Any CPU.Build.0 = Release|Any CPU
		{145674CC-2E03-4F93-89F0-BA65F92E1CE5}.Debug|Any CPU.ActiveCfg = Debug|Any CPU
		{145674CC-2E03-4F93-89F0-BA65F92E1CE5}.Debug|Any CPU.Build.0 = Debug|Any CPU
		{145674CC-2E03-4F93-89F0-BA65F92E1CE5}.Release|Any CPU.ActiveCfg = Release|Any CPU
		{145674CC-2E03-4F93-89F0-BA65F92E1CE5}.Release|Any CPU.Build.0 = Release|Any CPU
		{E70972B2-7731-4933-B07E-B399B0D2EC25}.Debug|Any CPU.ActiveCfg = Debug|Any CPU
		{E70972B2-7731-4933-B07E-B399B0D2EC25}.Debug|Any CPU.Build.0 = Debug|Any CPU
		{E70972B2-7731-4933-B07E-B399B0D2EC25}.Release|Any CPU.ActiveCfg = Release|Any CPU
		{E70972B2-7731-4933-B07E-B399B0D2EC25}.Release|Any CPU.Build.0 = Release|Any CPU
	EndGlobalSection
	GlobalSection(SolutionProperties) = preSolution
		HideSolutionNode = FALSE
	EndGlobalSection
	GlobalSection(ExtensibilityGlobals) = postSolution
		SolutionGuid = {67027B40-54E5-4751-9C8D-7CA599C5A363}
	EndGlobalSection
EndGlobal
